{
  "name": "vm2-promise",
  "version": "1.0.0",
  "lockfileVersion": 2,
  "requires": true,
  "packages": {
    "": {
      "version": "1.0.0",
      "license": "ISC",
      "dependencies": {
        "node-fetch": "^2.6.1",
        "vm2": "^3.9.2"
      }
    },
    "node_modules/node-fetch": {
      "version": "2.6.1",
      "resolved": "https://registry.npmjs.org/node-fetch/-/node-fetch-2.6.1.tgz",
      "integrity": "sha512-V4aYg89jEoVRxRb2fJdAg8FHvI7cEyYdVAh94HH0UIK8oJxUfkjlDQN9RbMx+bEjP7+ggMiFRprSti032Oipxw==",
      "engines": {
        "node": "4.x || >=6.0.0"
      }
    },
    "node_modules/vm2": {
      "version": "3.9.2",
      "resolved": "https://registry.npmjs.org/vm2/-/vm2-3.9.2.tgz",
      "integrity": "sha512-nzyFmHdy2FMg7mYraRytc2jr4QBaUY3TEGe3q3bK8EgS9WC98wxn2jrPxS/ruWm+JGzrEIIeufKweQzVoQEd+Q==",
      "bin": {
        "vm2": "bin/vm2"
      },
      "engines": {
        "node": ">=6.0"
      }
    }
  },
  "dependencies": {
    "node-fetch": {
      "version": "2.6.1",
      "resolved": "https://registry.npmjs.org/node-fetch/-/node-fetch-2.6.1.tgz",
      "integrity": "sha512-V4aYg89jEoVRxRb2fJdAg8FHvI7cEyYdVAh94HH0UIK8oJxUfkjlDQN9RbMx+bEjP7+ggMiFRprSti032Oipxw=="
    },
    "vm2": {
      "version": "3.9.2",
      "resolved": "https://registry.npmjs.org/vm2/-/vm2-3.9.2.tgz",
      "integrity": "sha512-nzyFmHdy2FMg7mYraRytc2jr4QBaUY3TEGe3q3bK8EgS9WC98wxn2jrPxS/ruWm+JGzrEIIeufKweQzVoQEd+Q=="
    }
  }
}
